<?xml version="1.0" encoding="utf-8"?>
<Project ToolsVersion="4.0" xmlns="http://schemas.microsoft.com/developer/msbuild/2003">
  <ItemGroup>
    <Filter Include="源文件">
      <UniqueIdentifier>{4FC737F1-C7A5-4376-A066-2A32D752A2FF}</UniqueIdentifier>
      <Extensions>cpp;c;cc;cxx;c++;cppm;ixx;def;odl;idl;hpj;bat;asm;asmx</Extensions>
    </Filter>
    <Filter Include="头文件">
      <UniqueIdentifier>{93995380-89BD-4b04-88EB-625FBE52EBFB}</UniqueIdentifier>
      <Extensions>h;hh;hpp;hxx;h++;hm;inl;inc;ipp;xsd</Extensions>
    </Filter>
    <Filter Include="资源文件">
      <UniqueIdentifier>{67DA6AB6-F800-4c08-8B7A-83BB121AAD01}</UniqueIdentifier>
      <Extensions>rc;ico;cur;bmp;dlg;rc2;rct;bin;rgs;gif;jpg;jpeg;jpe;resx;tiff;tif;png;wav;mfcribbon-ms</Extensions>
    </Filter>
    <Filter Include="头文件\include">
      <UniqueIdentifier>{8b4d46af-84ff-4c81-af82-fef22d247ccf}</UniqueIdentifier>
    </Filter>
    <Filter Include="源文件\src">
      <UniqueIdentifier>{f60c45a4-7173-4582-afbb-71bf6dae4bb6}</UniqueIdentifier>
    </Filter>
    <Filter Include="资源文件\config">
      <UniqueIdentifier>{185d7326-e9ee-437a-9d5f-caa5f1e2b48f}</UniqueIdentifier>
    </Filter>
  </ItemGroup>
  <ItemGroup>
    <ClCompile Include="src\main.cpp">
      <Filter>源文件\src</Filter>
    </ClCompile>
    <ClCompile Include="src\2_ExcelSheetColumnTitle.cpp">
      <Filter>源文件\src</Filter>
    </ClCompile>
    <ClCompile Include="src\1_ContainsNearbyDuplicate.cpp">
      <Filter>源文件\src</Filter>
    </ClCompile>
    <ClCompile Include="src\3_bool IsUgly.cpp">
      <Filter>源文件\src</Filter>
    </ClCompile>
    <ClCompile Include="src\4_IsPalindrome.cpp">
      <Filter>源文件\src</Filter>
    </ClCompile>
    <ClCompile Include="src\5_MinDepth.cpp">
      <Filter>源文件\src</Filter>
    </ClCompile>
    <ClCompile Include="src\6_ContainsDuplicate.cpp">
      <Filter>源文件\src</Filter>
    </ClCompile>
    <ClCompile Include="src\7_MaxDepth.cpp">
      <Filter>源文件\src</Filter>
    </ClCompile>
    <ClCompile Include="src\8_HammingWeight.cpp">
      <Filter>源文件\src</Filter>
    </ClCompile>
    <ClCompile Include="src\9_AddBinary.cpp">
      <Filter>源文件\src</Filter>
    </ClCompile>
    <ClCompile Include="src\10_BinaryTreePaths.cpp">
      <Filter>源文件\src</Filter>
    </ClCompile>
    <ClCompile Include="src\11_CanWinNim.cpp">
      <Filter>源文件\src</Filter>
    </ClCompile>
    <ClCompile Include="src\12_IsValid.cpp">
      <Filter>源文件\src</Filter>
    </ClCompile>
    <ClCompile Include="src\13_MyAtoi.cpp">
      <Filter>源文件\src</Filter>
    </ClCompile>
    <ClCompile Include="src\14_SingleNumber.cpp">
      <Filter>源文件\src</Filter>
    </ClCompile>
    <ClCompile Include="src\15_WordPattern.cpp">
      <Filter>源文件\src</Filter>
    </ClCompile>
    <ClCompile Include="src\16_ReverseBits.cpp">
      <Filter>源文件\src</Filter>
    </ClCompile>
  </ItemGroup>
  <ItemGroup>
    <ClInclude Include="include\2_ExcelSheetColumnTitle.h">
      <Filter>头文件\include</Filter>
    </ClInclude>
    <ClInclude Include="include\1_ContainsNearbyDuplicate.h">
      <Filter>头文件\include</Filter>
    </ClInclude>
    <ClInclude Include="include\3_bool IsUgly.h">
      <Filter>头文件\include</Filter>
    </ClInclude>
    <ClInclude Include="include\4_IsPalindrome.h">
      <Filter>头文件\include</Filter>
    </ClInclude>
    <ClInclude Include="include\5_MinDepth.h">
      <Filter>头文件\include</Filter>
    </ClInclude>
    <ClInclude Include="include\6_ContainsDuplicate.h">
      <Filter>头文件\include</Filter>
    </ClInclude>
    <ClInclude Include="include\7_MaxDepth.h">
      <Filter>头文件\include</Filter>
    </ClInclude>
    <ClInclude Include="include\8_HammingWeight.h">
      <Filter>头文件\include</Filter>
    </ClInclude>
    <ClInclude Include="include\9_AddBinary.h">
      <Filter>头文件\include</Filter>
    </ClInclude>
    <ClInclude Include="include\11_CanWinNim.h">
      <Filter>头文件\include</Filter>
    </ClInclude>
    <ClInclude Include="include\10_BinaryTreePaths.h">
      <Filter>头文件\include</Filter>
    </ClInclude>
    <ClInclude Include="include\12_IsValid.h">
      <Filter>头文件\include</Filter>
    </ClInclude>
    <ClInclude Include="include\13_MyAtoi.h">
      <Filter>头文件\include</Filter>
    </ClInclude>
    <ClInclude Include="include\14_SingleNumber.h">
      <Filter>头文件\include</Filter>
    </ClInclude>
    <ClInclude Include="include\15_WordPattern.h">
      <Filter>头文件\include</Filter>
    </ClInclude>
    <ClInclude Include="include\16_ReverseBits.h">
      <Filter>头文件\include</Filter>
    </ClInclude>
  </ItemGroup>
  <ItemGroup>
    <None Include="config\3_bool IsUgly.ini">
      <Filter>资源文件\config</Filter>
    </None>
    <None Include="config\1_ContainsNearbyDuplicate.ini">
      <Filter>资源文件\config</Filter>
    </None>
    <None Include="config\2_ExcelSheetColumnTiTle.ini">
      <Filter>资源文件\config</Filter>
    </None>
    <None Include="config\4_IsPalindrome.ini">
      <Filter>资源文件\config</Filter>
    </None>
    <None Include="config\5_MinDepth.ini">
      <Filter>资源文件\config</Filter>
    </None>
    <None Include="config\6_ContainsDuplicate.ini">
      <Filter>资源文件\config</Filter>
    </None>
    <None Include="config\7_MaxDepth.ini">
      <Filter>资源文件\config</Filter>
    </None>
    <None Include="config\8_HammingWeight.ini">
      <Filter>资源文件\config</Filter>
    </None>
    <None Include="config\9_AddBinary.ini">
      <Filter>资源文件\config</Filter>
    </None>
    <None Include="config\10_BinaryTreePaths.ini">
      <Filter>资源文件\config</Filter>
    </None>
    <None Include="config\11_CanWinNim.ini">
      <Filter>资源文件\config</Filter>
    </None>
    <None Include="config\12_IsValid.ini">
      <Filter>资源文件\config</Filter>
    </None>
    <None Include="config\13_MyAtoi.ini">
      <Filter>资源文件\config</Filter>
    </None>
    <None Include="config\14_SingleNumber.ini">
      <Filter>资源文件\config</Filter>
    </None>
    <None Include="config\15_WordPattern.ini">
      <Filter>资源文件\config</Filter>
    </None>
    <None Include="config\16_ReverseBits.ini">
      <Filter>资源文件\config</Filter>
    </None>
  </ItemGroup>
</Project>